
Microsoft Visual Studio Solution File, Format Version 12.00
Project("{FAE04EC0-301F-11D3-BF4B-00C04F79EFBC}") = "VotingApp.Web", "VotingApp.Web\VotingApp.Web.csproj", "{D6DBD087-18D3-4187-A0C8-F6A48D1C76E3}"
EndProject
Project("{FAE04EC0-301F-11D3-BF4B-00C04F79EFBC}") = "VotingApp.Tests", "VotingApp.Tests\VotingApp.Tests.csproj", "{61C4D62A-DAF6-4AF4-84CB-0F35F97FB125}"
EndProject
Global
	GlobalSection(SolutionConfigurationPlatforms) = preSolution
		Debug|Any CPU = Debug|Any CPU
		Release|Any CPU = Release|Any CPU
	EndGlobalSection
	GlobalSection(ProjectConfigurationPlatforms) = postSolution
		{D6DBD087-18D3-4187-A0C8-F6A48D1C76E3}.Debug|Any CPU.ActiveCfg = Debug|Any CPU
		{D6DBD087-18D3-4187-A0C8-F6A48D1C76E3}.Debug|Any CPU.Build.0 = Debug|Any CPU
		{D6DBD087-18D3-4187-A0C8-F6A48D1C76E3}.Release|Any CPU.ActiveCfg = Release|Any CPU
		{D6DBD087-18D3-4187-A0C8-F6A48D1C76E3}.Release|Any CPU.Build.0 = Release|Any CPU
		{61C4D62A-DAF6-4AF4-84CB-0F35F97FB125}.Debug|Any CPU.ActiveCfg = Debug|Any CPU
		{61C4D62A-DAF6-4AF4-84CB-0F35F97FB125}.Debug|Any CPU.Build.0 = Debug|Any CPU
		{61C4D62A-DAF6-4AF4-84CB-0F35F97FB125}.Release|Any CPU.ActiveCfg = Release|Any CPU
		{61C4D62A-DAF6-4AF4-84CB-0F35F97FB125}.Release|Any CPU.Build.0 = Release|Any CPU
	EndGlobalSection
EndGlobal
